
Microsoft Visual Studio Solution File, Format Version 12.00
# Visual Studio Version 17
VisualStudioVersion = 17.10.35004.147
MinimumVisualStudioVersion = 10.0.40219.1
Project("{9A19103F-16F7-4668-BE54-9A1E7A4F7556}") = "Day1Concepts", "Day1Concepts\Day1Concepts.csproj", "{0E601842-1EC5-4DE2-AA21-128579227CA3}"
EndProject
Project("{9A19103F-16F7-4668-BE54-9A1E7A4F7556}") = "Day2Concepts", "Day2Concepts\Day2Concepts.csproj", "{B6F5724A-5E86-499A-AA28-BD10B891F771}"
EndProject
Project("{9A19103F-16F7-4668-BE54-9A1E7A4F7556}") = "Day3Concepts", "Day3Concepts\Day3Concepts.csproj", "{690FA47F-B407-4AAC-A7B0-F2BA1364B0A6}"
EndProject
Project("{9A19103F-16F7-4668-BE54-9A1E7A4F7556}") = "Day4Concepts", "Day4Concepts\Day4Concepts.csproj", "{3A2DD1B4-0456-4ACB-959F-8F5CAD16304C}"
EndProject
Project("{9A19103F-16F7-4668-BE54-9A1E7A4F7556}") = "Day5Concepts", "Day5Concepts\Day5Concepts.csproj", "{9468B227-B64E-447D-8CCA-CED493EB6E39}"
EndProject
Project("{9A19103F-16F7-4668-BE54-9A1E7A4F7556}") = "Day6Concepts", "Day6Concepts\Day6Concepts.csproj", "{88A3EB02-BD9A-41F6-BE75-C4C9B07F3072}"
EndProject
Project("{9A19103F-16F7-4668-BE54-9A1E7A4F7556}") = "Day7Concepts", "Day7Concepts\Day7Concepts.csproj", "{B9CB29E4-C43D-4F85-A187-993834801196}"
EndProject
Project("{9A19103F-16F7-4668-BE54-9A1E7A4F7556}") = "Day8Concepts", "Day8Concepts\Day8Concepts.csproj", "{A684D6B0-D7C8-4586-9E7B-7B8D0A1EF30D}"
EndProject
Project("{9A19103F-16F7-4668-BE54-9A1E7A4F7556}") = "Day9Concepts", "Day9Concepts\Day9Concepts.csproj", "{09A27265-7B35-42C8-8F30-4808FB9E4F4D}"
EndProject
Project("{9A19103F-16F7-4668-BE54-9A1E7A4F7556}") = "Day10Concepts", "Day10Concepts\Day10Concepts.csproj", "{6407BB99-C880-42CD-89DB-B432AAF1C2C1}"
EndProject
Project("{9A19103F-16F7-4668-BE54-9A1E7A4F7556}") = "AssemblyTwo", "ClassLibrary2\AssemblyTwo.csproj", "{0873191E-3C23-475C-B3FD-D783A398274D}"
EndProject
Project("{9A19103F-16F7-4668-BE54-9A1E7A4F7556}") = "Day11Concepts", "Day11Concepts\Day11Concepts.csproj", "{6BF65D43-413D-4407-B278-E6DFE2898769}"
EndProject
Project("{911E67C6-3D85-4FCE-B560-20A9C3E3FF48}") = "intro", "C:\Users\HP\source\repos\intro\intro\bin\Debug\net5.0\intro.exe", "{92159B70-2698-4237-A858-9355CB296AD2}"
	ProjectSection(DebuggerProjectSystem) = preProject
		PortSupplier = 00000000-0000-0000-0000-000000000000
		Executable = C:\Users\HP\source\repos\intro\intro\bin\Debug\net5.0\intro.exe
		RemoteMachine = DESKTOP-MLL4JR8
		StartingDirectory = C:\Users\HP\source\repos\intro\intro\bin\Debug\net5.0
		Environment = Default
		LaunchingEngine = 00000000-0000-0000-0000-000000000000
		UseLegacyDebugEngines = No
		LaunchSQLEngine = No
		AttachLaunchAction = No
		IORedirection = Auto
	EndProjectSection
EndProject
Project("{9A19103F-16F7-4668-BE54-9A1E7A4F7556}") = "Day12Concepts", "Day12Concepts\Day12Concepts.csproj", "{703AD60C-51A6-40FE-9EE5-E45387C02333}"
EndProject
Project("{9A19103F-16F7-4668-BE54-9A1E7A4F7556}") = "Day13Concepts", "Day13Concepts\Day13Concepts.csproj", "{A44F4E9F-F229-46DF-B008-63A03375AF9C}"
EndProject
Project("{9A19103F-16F7-4668-BE54-9A1E7A4F7556}") = "Day14Concepts", "Day14Concepts\Day14Concepts.csproj", "{53925BE2-6CA1-4D7F-8BAA-8FDA8BF8D68D}"
EndProject
Project("{9A19103F-16F7-4668-BE54-9A1E7A4F7556}") = "Day17Concepts", "Day17Concepts\Day17Concepts.csproj", "{CFDEE3D6-3131-44E7-98A2-45A4E0307058}"
EndProject
Project("{9A19103F-16F7-4668-BE54-9A1E7A4F7556}") = "Day18Concepts", "Day18Concepts\Day18Concepts.csproj", "{4A9B4685-7433-4F06-96FD-34E01A5BB2BF}"
EndProject
Project("{9A19103F-16F7-4668-BE54-9A1E7A4F7556}") = "Day19Concepts", "Day19Concepts\Day19Concepts.csproj", "{7A2D64B8-FD06-48EB-A5B2-9AC73D2E9B3A}"
EndProject
Project("{9A19103F-16F7-4668-BE54-9A1E7A4F7556}") = "Day20Concepts", "Day20Concepts\Day20Concepts.csproj", "{825964E1-8441-4F5E-BD76-366DF53AEB3F}"
EndProject
Project("{FAE04EC0-301F-11D3-BF4B-00C04F79EFBC}") = "CodingTracker", "CodingTracker\CodingTracker.csproj", "{11714799-8218-4C1D-9113-6684085C3CC1}"
EndProject
Global
	GlobalSection(SolutionConfigurationPlatforms) = preSolution
		Debug|Any CPU = Debug|Any CPU
		Debug|x64 = Debug|x64
		Release|Any CPU = Release|Any CPU
		Release|x64 = Release|x64
	EndGlobalSection
	GlobalSection(ProjectConfigurationPlatforms) = postSolution
		{0E601842-1EC5-4DE2-AA21-128579227CA3}.Debug|Any CPU.ActiveCfg = Debug|Any CPU
		{0E601842-1EC5-4DE2-AA21-128579227CA3}.Debug|Any CPU.Build.0 = Debug|Any CPU
		{0E601842-1EC5-4DE2-AA21-128579227CA3}.Debug|x64.ActiveCfg = Debug|Any CPU
		{0E601842-1EC5-4DE2-AA21-128579227CA3}.Debug|x64.Build.0 = Debug|Any CPU
		{0E601842-1EC5-4DE2-AA21-128579227CA3}.Release|Any CPU.ActiveCfg = Release|Any CPU
		{0E601842-1EC5-4DE2-AA21-128579227CA3}.Release|Any CPU.Build.0 = Release|Any CPU
		{0E601842-1EC5-4DE2-AA21-128579227CA3}.Release|x64.ActiveCfg = Release|Any CPU
		{0E601842-1EC5-4DE2-AA21-128579227CA3}.Release|x64.Build.0 = Release|Any CPU
		{B6F5724A-5E86-499A-AA28-BD10B891F771}.Debug|Any CPU.ActiveCfg = Debug|Any CPU
		{B6F5724A-5E86-499A-AA28-BD10B891F771}.Debug|Any CPU.Build.0 = Debug|Any CPU
		{B6F5724A-5E86-499A-AA28-BD10B891F771}.Debug|x64.ActiveCfg = Debug|Any CPU
		{B6F5724A-5E86-499A-AA28-BD10B891F771}.Debug|x64.Build.0 = Debug|Any CPU
		{B6F5724A-5E86-499A-AA28-BD10B891F771}.Release|Any CPU.ActiveCfg = Release|Any CPU
		{B6F5724A-5E86-499A-AA28-BD10B891F771}.Release|Any CPU.Build.0 = Release|Any CPU
		{B6F5724A-5E86-499A-AA28-BD10B891F771}.Release|x64.ActiveCfg = Release|Any CPU
		{B6F5724A-5E86-499A-AA28-BD10B891F771}.Release|x64.Build.0 = Release|Any CPU
		{690FA47F-B407-4AAC-A7B0-F2BA1364B0A6}.Debug|Any CPU.ActiveCfg = Debug|Any CPU
		{690FA47F-B407-4AAC-A7B0-F2BA1364B0A6}.Debug|Any CPU.Build.0 = Debug|Any CPU
		{690FA47F-B407-4AAC-A7B0-F2BA1364B0A6}.Debug|x64.ActiveCfg = Debug|Any CPU
		{690FA47F-B407-4AAC-A7B0-F2BA1364B0A6}.Debug|x64.Build.0 = Debug|Any CPU
		{690FA47F-B407-4AAC-A7B0-F2BA1364B0A6}.Release|Any CPU.ActiveCfg = Release|Any CPU
		{690FA47F-B407-4AAC-A7B0-F2BA1364B0A6}.Release|Any CPU.Build.0 = Release|Any CPU
		{690FA47F-B407-4AAC-A7B0-F2BA1364B0A6}.Release|x64.ActiveCfg = Release|Any CPU
		{690FA47F-B407-4AAC-A7B0-F2BA1364B0A6}.Release|x64.Build.0 = Release|Any CPU
		{3A2DD1B4-0456-4ACB-959F-8F5CAD16304C}.Debug|Any CPU.ActiveCfg = Debug|Any CPU
		{3A2DD1B4-0456-4ACB-959F-8F5CAD16304C}.Debug|Any CPU.Build.0 = Debug|Any CPU
		{3A2DD1B4-0456-4ACB-959F-8F5CAD16304C}.Debug|x64.ActiveCfg = Debug|Any CPU
		{3A2DD1B4-0456-4ACB-959F-8F5CAD16304C}.Debug|x64.Build.0 = Debug|Any CPU
		{3A2DD1B4-0456-4ACB-959F-8F5CAD16304C}.Release|Any CPU.ActiveCfg = Release|Any CPU
		{3A2DD1B4-0456-4ACB-959F-8F5CAD16304C}.Release|Any CPU.Build.0 = Release|Any CPU
		{3A2DD1B4-0456-4ACB-959F-8F5CAD16304C}.Release|x64.ActiveCfg = Release|Any CPU
		{3A2DD1B4-0456-4ACB-959F-8F5CAD16304C}.Release|x64.Build.0 = Release|Any CPU
		{9468B227-B64E-447D-8CCA-CED493EB6E39}.Debug|Any CPU.ActiveCfg = Debug|Any CPU
		{9468B227-B64E-447D-8CCA-CED493EB6E39}.Debug|Any CPU.Build.0 = Debug|Any CPU
		{9468B227-B64E-447D-8CCA-CED493EB6E39}.Debug|x64.ActiveCfg = Debug|Any CPU
		{9468B227-B64E-447D-8CCA-CED493EB6E39}.Debug|x64.Build.0 = Debug|Any CPU
		{9468B227-B64E-447D-8CCA-CED493EB6E39}.Release|Any CPU.ActiveCfg = Release|Any CPU
		{9468B227-B64E-447D-8CCA-CED493EB6E39}.Release|Any CPU.Build.0 = Release|Any CPU
		{9468B227-B64E-447D-8CCA-CED493EB6E39}.Release|x64.ActiveCfg = Release|Any CPU
		{9468B227-B64E-447D-8CCA-CED493EB6E39}.Release|x64.Build.0 = Release|Any CPU
		{88A3EB02-BD9A-41F6-BE75-C4C9B07F3072}.Debug|Any CPU.ActiveCfg = Debug|Any CPU
		{88A3EB02-BD9A-41F6-BE75-C4C9B07F3072}.Debug|Any CPU.Build.0 = Debug|Any CPU
		{88A3EB02-BD9A-41F6-BE75-C4C9B07F3072}.Debug|x64.ActiveCfg = Debug|Any CPU
		{88A3EB02-BD9A-41F6-BE75-C4C9B07F3072}.Debug|x64.Build.0 = Debug|Any CPU
		{88A3EB02-BD9A-41F6-BE75-C4C9B07F3072}.Release|Any CPU.ActiveCfg = Release|Any CPU
		{88A3EB02-BD9A-41F6-BE75-C4C9B07F3072}.Release|Any CPU.Build.0 = Release|Any CPU
		{88A3EB02-BD9A-41F6-BE75-C4C9B07F3072}.Release|x64.ActiveCfg = Release|Any CPU
		{88A3EB02-BD9A-41F6-BE75-C4C9B07F3072}.Release|x64.Build.0 = Release|Any CPU
		{B9CB29E4-C43D-4F85-A187-993834801196}.Debug|Any CPU.ActiveCfg = Debug|Any CPU
		{B9CB29E4-C43D-4F85-A187-993834801196}.Debug|Any CPU.Build.0 = Debug|Any CPU
		{B9CB29E4-C43D-4F85-A187-993834801196}.Debug|x64.ActiveCfg = Debug|Any CPU
		{B9CB29E4-C43D-4F85-A187-993834801196}.Debug|x64.Build.0 = Debug|Any CPU
		{B9CB29E4-C43D-4F85-A187-993834801196}.Release|Any CPU.ActiveCfg = Release|Any CPU
		{B9CB29E4-C43D-4F85-A187-993834801196}.Release|Any CPU.Build.0 = Release|Any CPU
		{B9CB29E4-C43D-4F85-A187-993834801196}.Release|x64.ActiveCfg = Release|Any CPU
		{B9CB29E4-C43D-4F85-A187-993834801196}.Release|x64.Build.0 = Release|Any CPU
		{A684D6B0-D7C8-4586-9E7B-7B8D0A1EF30D}.Debug|Any CPU.ActiveCfg = Debug|Any CPU
		{A684D6B0-D7C8-4586-9E7B-7B8D0A1EF30D}.Debug|Any CPU.Build.0 = Debug|Any CPU
		{A684D6B0-D7C8-4586-9E7B-7B8D0A1EF30D}.Debug|x64.ActiveCfg = Debug|Any CPU
		{A684D6B0-D7C8-4586-9E7B-7B8D0A1EF30D}.Debug|x64.Build.0 = Debug|Any CPU
		{A684D6B0-D7C8-4586-9E7B-7B8D0A1EF30D}.Release|Any CPU.ActiveCfg = Release|Any CPU
		{A684D6B0-D7C8-4586-9E7B-7B8D0A1EF30D}.Release|Any CPU.Build.0 = Release|Any CPU
		{A684D6B0-D7C8-4586-9E7B-7B8D0A1EF30D}.Release|x64.ActiveCfg = Release|Any CPU
		{A684D6B0-D7C8-4586-9E7B-7B8D0A1EF30D}.Release|x64.Build.0 = Release|Any CPU
		{09A27265-7B35-42C8-8F30-4808FB9E4F4D}.Debug|Any CPU.ActiveCfg = Debug|Any CPU
		{09A27265-7B35-42C8-8F30-4808FB9E4F4D}.Debug|Any CPU.Build.0 = Debug|Any CPU
		{09A27265-7B35-42C8-8F30-4808FB9E4F4D}.Debug|x64.ActiveCfg = Debug|Any CPU
		{09A27265-7B35-42C8-8F30-4808FB9E4F4D}.Debug|x64.Build.0 = Debug|Any CPU
		{09A27265-7B35-42C8-8F30-4808FB9E4F4D}.Release|Any CPU.ActiveCfg = Release|Any CPU
		{09A27265-7B35-42C8-8F30-4808FB9E4F4D}.Release|Any CPU.Build.0 = Release|Any CPU
		{09A27265-7B35-42C8-8F30-4808FB9E4F4D}.Release|x64.ActiveCfg = Release|Any CPU
		{09A27265-7B35-42C8-8F30-4808FB9E4F4D}.Release|x64.Build.0 = Release|Any CPU
		{6407BB99-C880-42CD-89DB-B432AAF1C2C1}.Debug|Any CPU.ActiveCfg = Debug|Any CPU
		{6407BB99-C880-42CD-89DB-B432AAF1C2C1}.Debug|Any CPU.Build.0 = Debug|Any CPU
		{6407BB99-C880-42CD-89DB-B432AAF1C2C1}.Debug|x64.ActiveCfg = Debug|Any CPU
		{6407BB99-C880-42CD-89DB-B432AAF1C2C1}.Debug|x64.Build.0 = Debug|Any CPU
		{6407BB99-C880-42CD-89DB-B432AAF1C2C1}.Release|Any CPU.ActiveCfg = Release|Any CPU
		{6407BB99-C880-42CD-89DB-B432AAF1C2C1}.Release|Any CPU.Build.0 = Release|Any CPU
		{6407BB99-C880-42CD-89DB-B432AAF1C2C1}.Release|x64.ActiveCfg = Release|Any CPU
		{6407BB99-C880-42CD-89DB-B432AAF1C2C1}.Release|x64.Build.0 = Release|Any CPU
		{0873191E-3C23-475C-B3FD-D783A398274D}.Debug|Any CPU.ActiveCfg = Debug|Any CPU
		{0873191E-3C23-475C-B3FD-D783A398274D}.Debug|Any CPU.Build.0 = Debug|Any CPU
		{0873191E-3C23-475C-B3FD-D783A398274D}.Debug|x64.ActiveCfg = Debug|Any CPU
		{0873191E-3C23-475C-B3FD-D783A398274D}.Debug|x64.Build.0 = Debug|Any CPU
		{0873191E-3C23-475C-B3FD-D783A398274D}.Release|Any CPU.ActiveCfg = Release|Any CPU
		{0873191E-3C23-475C-B3FD-D783A398274D}.Release|Any CPU.Build.0 = Release|Any CPU
		{0873191E-3C23-475C-B3FD-D783A398274D}.Release|x64.ActiveCfg = Release|Any CPU
		{0873191E-3C23-475C-B3FD-D783A398274D}.Release|x64.Build.0 = Release|Any CPU
		{6BF65D43-413D-4407-B278-E6DFE2898769}.Debug|Any CPU.ActiveCfg = Debug|Any CPU
		{6BF65D43-413D-4407-B278-E6DFE2898769}.Debug|Any CPU.Build.0 = Debug|Any CPU
		{6BF65D43-413D-4407-B278-E6DFE2898769}.Debug|x64.ActiveCfg = Debug|Any CPU
		{6BF65D43-413D-4407-B278-E6DFE2898769}.Debug|x64.Build.0 = Debug|Any CPU
		{6BF65D43-413D-4407-B278-E6DFE2898769}.Release|Any CPU.ActiveCfg = Release|Any CPU
		{6BF65D43-413D-4407-B278-E6DFE2898769}.Release|Any CPU.Build.0 = Release|Any CPU
		{6BF65D43-413D-4407-B278-E6DFE2898769}.Release|x64.ActiveCfg = Release|Any CPU
		{6BF65D43-413D-4407-B278-E6DFE2898769}.Release|x64.Build.0 = Release|Any CPU
		{92159B70-2698-4237-A858-9355CB296AD2}.Debug|Any CPU.ActiveCfg = Release|x64
		{92159B70-2698-4237-A858-9355CB296AD2}.Debug|x64.ActiveCfg = Release|x64
		{92159B70-2698-4237-A858-9355CB296AD2}.Release|Any CPU.ActiveCfg = Release|x64
		{92159B70-2698-4237-A858-9355CB296AD2}.Release|x64.ActiveCfg = Release|x64
		{703AD60C-51A6-40FE-9EE5-E45387C02333}.Debug|Any CPU.ActiveCfg = Debug|Any CPU
		{703AD60C-51A6-40FE-9EE5-E45387C02333}.Debug|Any CPU.Build.0 = Debug|Any CPU
		{703AD60C-51A6-40FE-9EE5-E45387C02333}.Debug|x64.ActiveCfg = Debug|Any CPU
		{703AD60C-51A6-40FE-9EE5-E45387C02333}.Debug|x64.Build.0 = Debug|Any CPU
		{703AD60C-51A6-40FE-9EE5-E45387C02333}.Release|Any CPU.ActiveCfg = Release|Any CPU
		{703AD60C-51A6-40FE-9EE5-E45387C02333}.Release|Any CPU.Build.0 = Release|Any CPU
		{703AD60C-51A6-40FE-9EE5-E45387C02333}.Release|x64.ActiveCfg = Release|Any CPU
		{703AD60C-51A6-40FE-9EE5-E45387C02333}.Release|x64.Build.0 = Release|Any CPU
		{A44F4E9F-F229-46DF-B008-63A03375AF9C}.Debug|Any CPU.ActiveCfg = Debug|Any CPU
		{A44F4E9F-F229-46DF-B008-63A03375AF9C}.Debug|Any CPU.Build.0 = Debug|Any CPU
		{A44F4E9F-F229-46DF-B008-63A03375AF9C}.Debug|x64.ActiveCfg = Debug|Any CPU
		{A44F4E9F-F229-46DF-B008-63A03375AF9C}.Debug|x64.Build.0 = Debug|Any CPU
		{A44F4E9F-F229-46DF-B008-63A03375AF9C}.Release|Any CPU.ActiveCfg = Release|Any CPU
		{A44F4E9F-F229-46DF-B008-63A03375AF9C}.Release|Any CPU.Build.0 = Release|Any CPU
		{A44F4E9F-F229-46DF-B008-63A03375AF9C}.Release|x64.ActiveCfg = Release|Any CPU
		{A44F4E9F-F229-46DF-B008-63A03375AF9C}.Release|x64.Build.0 = Release|Any CPU
		{53925BE2-6CA1-4D7F-8BAA-8FDA8BF8D68D}.Debug|Any CPU.ActiveCfg = Debug|Any CPU
		{53925BE2-6CA1-4D7F-8BAA-8FDA8BF8D68D}.Debug|Any CPU.Build.0 = Debug|Any CPU
		{53925BE2-6CA1-4D7F-8BAA-8FDA8BF8D68D}.Debug|x64.ActiveCfg = Debug|Any CPU
		{53925BE2-6CA1-4D7F-8BAA-8FDA8BF8D68D}.Debug|x64.Build.0 = Debug|Any CPU
		{53925BE2-6CA1-4D7F-8BAA-8FDA8BF8D68D}.Release|Any CPU.ActiveCfg = Release|Any CPU
		{53925BE2-6CA1-4D7F-8BAA-8FDA8BF8D68D}.Release|Any CPU.Build.0 = Release|Any CPU
		{53925BE2-6CA1-4D7F-8BAA-8FDA8BF8D68D}.Release|x64.ActiveCfg = Release|Any CPU
		{53925BE2-6CA1-4D7F-8BAA-8FDA8BF8D68D}.Release|x64.Build.0 = Release|Any CPU
		{CFDEE3D6-3131-44E7-98A2-45A4E0307058}.Debug|Any CPU.ActiveCfg = Debug|Any CPU
		{CFDEE3D6-3131-44E7-98A2-45A4E0307058}.Debug|Any CPU.Build.0 = Debug|Any CPU
		{CFDEE3D6-3131-44E7-98A2-45A4E0307058}.Debug|x64.ActiveCfg = Debug|Any CPU
		{CFDEE3D6-3131-44E7-98A2-45A4E0307058}.Debug|x64.Build.0 = Debug|Any CPU
		{CFDEE3D6-3131-44E7-98A2-45A4E0307058}.Release|Any CPU.ActiveCfg = Release|Any CPU
		{CFDEE3D6-3131-44E7-98A2-45A4E0307058}.Release|Any CPU.Build.0 = Release|Any CPU
		{CFDEE3D6-3131-44E7-98A2-45A4E0307058}.Release|x64.ActiveCfg = Release|Any CPU
		{CFDEE3D6-3131-44E7-98A2-45A4E0307058}.Release|x64.Build.0 = Release|Any CPU
		{4A9B4685-7433-4F06-96FD-34E01A5BB2BF}.Debug|Any CPU.ActiveCfg = Debug|Any CPU
		{4A9B4685-7433-4F06-96FD-34E01A5BB2BF}.Debug|Any CPU.Build.0 = Debug|Any CPU
		{4A9B4685-7433-4F06-96FD-34E01A5BB2BF}.Debug|x64.ActiveCfg = Debug|Any CPU
		{4A9B4685-7433-4F06-96FD-34E01A5BB2BF}.Debug|x64.Build.0 = Debug|Any CPU
		{4A9B4685-7433-4F06-96FD-34E01A5BB2BF}.Release|Any CPU.ActiveCfg = Release|Any CPU
		{4A9B4685-7433-4F06-96FD-34E01A5BB2BF}.Release|Any CPU.Build.0 = Release|Any CPU
		{4A9B4685-7433-4F06-96FD-34E01A5BB2BF}.Release|x64.ActiveCfg = Release|Any CPU
		{4A9B4685-7433-4F06-96FD-34E01A5BB2BF}.Release|x64.Build.0 = Release|Any CPU
		{7A2D64B8-FD06-48EB-A5B2-9AC73D2E9B3A}.Debug|Any CPU.ActiveCfg = Debug|Any CPU
		{7A2D64B8-FD06-48EB-A5B2-9AC73D2E9B3A}.Debug|Any CPU.Build.0 = Debug|Any CPU
		{7A2D64B8-FD06-48EB-A5B2-9AC73D2E9B3A}.Debug|x64.ActiveCfg = Debug|Any CPU
		{7A2D64B8-FD06-48EB-A5B2-9AC73D2E9B3A}.Debug|x64.Build.0 = Debug|Any CPU
		{7A2D64B8-FD06-48EB-A5B2-9AC73D2E9B3A}.Release|Any CPU.ActiveCfg = Release|Any CPU
		{7A2D64B8-FD06-48EB-A5B2-9AC73D2E9B3A}.Release|Any CPU.Build.0 = Release|Any CPU
		{7A2D64B8-FD06-48EB-A5B2-9AC73D2E9B3A}.Release|x64.ActiveCfg = Release|Any CPU
		{7A2D64B8-FD06-48EB-A5B2-9AC73D2E9B3A}.Release|x64.Build.0 = Release|Any CPU
		{825964E1-8441-4F5E-BD76-366DF53AEB3F}.Debug|Any CPU.ActiveCfg = Debug|Any CPU
		{825964E1-8441-4F5E-BD76-366DF53AEB3F}.Debug|Any CPU.Build.0 = Debug|Any CPU
		{825964E1-8441-4F5E-BD76-366DF53AEB3F}.Debug|x64.ActiveCfg = Debug|Any CPU
		{825964E1-8441-4F5E-BD76-366DF53AEB3F}.Debug|x64.Build.0 = Debug|Any CPU
		{825964E1-8441-4F5E-BD76-366DF53AEB3F}.Release|Any CPU.ActiveCfg = Release|Any CPU
		{825964E1-8441-4F5E-BD76-366DF53AEB3F}.Release|Any CPU.Build.0 = Release|Any CPU
		{825964E1-8441-4F5E-BD76-366DF53AEB3F}.Release|x64.ActiveCfg = Release|Any CPU
		{825964E1-8441-4F5E-BD76-366DF53AEB3F}.Release|x64.Build.0 = Release|Any CPU
		{11714799-8218-4C1D-9113-6684085C3CC1}.Debug|Any CPU.ActiveCfg = Debug|Any CPU
		{11714799-8218-4C1D-9113-6684085C3CC1}.Debug|Any CPU.Build.0 = Debug|Any CPU
		{11714799-8218-4C1D-9113-6684085C3CC1}.Debug|x64.ActiveCfg = Debug|Any CPU
		{11714799-8218-4C1D-9113-6684085C3CC1}.Debug|x64.Build.0 = Debug|Any CPU
		{11714799-8218-4C1D-9113-6684085C3CC1}.Release|Any CPU.ActiveCfg = Release|Any CPU
		{11714799-8218-4C1D-9113-6684085C3CC1}.Release|Any CPU.Build.0 = Release|Any CPU
		{11714799-8218-4C1D-9113-6684085C3CC1}.Release|x64.ActiveCfg = Release|Any CPU
		{11714799-8218-4C1D-9113-6684085C3CC1}.Release|x64.Build.0 = Release|Any CPU
	EndGlobalSection
	GlobalSection(SolutionProperties) = preSolution
		HideSolutionNode = FALSE
	EndGlobalSection
	GlobalSection(ExtensibilityGlobals) = postSolution
		SolutionGuid = {B317E7A5-56EB-4CD0-9E6C-31AD4DB84E4B}
	EndGlobalSection
EndGlobal
